
Microsoft Visual Studio Solution File, Format Version 12.00
# Visual Studio 15
VisualStudioVersion = 15.0.27004.2009
MinimumVisualStudioVersion = 10.0.40219.1
Project("{FAE04EC0-301F-11D3-BF4B-00C04F79EFBC}") = "Invenio.Web", "Invenio.Web\Invenio.Web.csproj", "{538BECBA-2287-4D68-8E84-AB24F92F2823}"
EndProject
Project("{FAE04EC0-301F-11D3-BF4B-00C04F79EFBC}") = "Invenio.Data", "Invenio.Data\Invenio.Data.csproj", "{B96DF107-63BB-4ED7-8C3F-576A8407F459}"
EndProject
Project("{FAE04EC0-301F-11D3-BF4B-00C04F79EFBC}") = "Invenio.Service", "Invenio.Service\Invenio.Service.csproj", "{05B56F1D-ACCF-4D08-AF58-DD67317ADB12}"
EndProject
Global
	GlobalSection(SolutionConfigurationPlatforms) = preSolution
		Debug|Any CPU = Debug|Any CPU
		Release|Any CPU = Release|Any CPU
	EndGlobalSection
	GlobalSection(ProjectConfigurationPlatforms) = postSolution
		{538BECBA-2287-4D68-8E84-AB24F92F2823}.Debug|Any CPU.ActiveCfg = Debug|Any CPU
		{538BECBA-2287-4D68-8E84-AB24F92F2823}.Debug|Any CPU.Build.0 = Debug|Any CPU
		{538BECBA-2287-4D68-8E84-AB24F92F2823}.Release|Any CPU.ActiveCfg = Release|Any CPU
		{538BECBA-2287-4D68-8E84-AB24F92F2823}.Release|Any CPU.Build.0 = Release|Any CPU
		{B96DF107-63BB-4ED7-8C3F-576A8407F459}.Debug|Any CPU.ActiveCfg = Debug|Any CPU
		{B96DF107-63BB-4ED7-8C3F-576A8407F459}.Debug|Any CPU.Build.0 = Debug|Any CPU
		{B96DF107-63BB-4ED7-8C3F-576A8407F459}.Release|Any CPU.ActiveCfg = Release|Any CPU
		{B96DF107-63BB-4ED7-8C3F-576A8407F459}.Release|Any CPU.Build.0 = Release|Any CPU
		{05B56F1D-ACCF-4D08-AF58-DD67317ADB12}.Debug|Any CPU.ActiveCfg = Debug|Any CPU
		{05B56F1D-ACCF-4D08-AF58-DD67317ADB12}.Debug|Any CPU.Build.0 = Debug|Any CPU
		{05B56F1D-ACCF-4D08-AF58-DD67317ADB12}.Release|Any CPU.ActiveCfg = Release|Any CPU
		{05B56F1D-ACCF-4D08-AF58-DD67317ADB12}.Release|Any CPU.Build.0 = Release|Any CPU
	EndGlobalSection
	GlobalSection(SolutionProperties) = preSolution
		HideSolutionNode = FALSE
	EndGlobalSection
	GlobalSection(ExtensibilityGlobals) = postSolution
		SolutionGuid = {4B65C50C-061F-4896-AB92-CDE8E4968D37}
	EndGlobalSection
EndGlobal
